
Microsoft Visual Studio Solution File, Format Version 12.00
# Visual Studio 15
VisualStudioVersion = 15.0.25807.0
MinimumVisualStudioVersion = 10.0.40219.1
Project("{FAE04EC0-301F-11D3-BF4B-00C04F79EFBC}") = "IdmNet", "IdmNet\IdmNet.csproj", "{2309C19B-0A43-4A48-9CF1-F434526EB47B}"
EndProject
Project("{FAE04EC0-301F-11D3-BF4B-00C04F79EFBC}") = "IdmNet.Tests", "IdmNet.Tests\IdmNet.Tests.csproj", "{FE98A441-0AFF-4800-ACD1-7C91146EB508}"
EndProject
Project("{FAE04EC0-301F-11D3-BF4B-00C04F79EFBC}") = "IdmNet.E2ETests", "IdmNet.E2ETests\IdmNet.E2ETests.csproj", "{5304FEA1-7507-4E82-A76F-70131082E4B7}"
EndProject
Global
	GlobalSection(SolutionConfigurationPlatforms) = preSolution
		Debug|Any CPU = Debug|Any CPU
		Release|Any CPU = Release|Any CPU
	EndGlobalSection
	GlobalSection(ProjectConfigurationPlatforms) = postSolution
		{2309C19B-0A43-4A48-9CF1-F434526EB47B}.Debug|Any CPU.ActiveCfg = Debug|Any CPU
		{2309C19B-0A43-4A48-9CF1-F434526EB47B}.Debug|Any CPU.Build.0 = Debug|Any CPU
		{2309C19B-0A43-4A48-9CF1-F434526EB47B}.Release|Any CPU.ActiveCfg = Release|Any CPU
		{2309C19B-0A43-4A48-9CF1-F434526EB47B}.Release|Any CPU.Build.0 = Release|Any CPU
		{FE98A441-0AFF-4800-ACD1-7C91146EB508}.Debug|Any CPU.ActiveCfg = Debug|Any CPU
		{FE98A441-0AFF-4800-ACD1-7C91146EB508}.Debug|Any CPU.Build.0 = Debug|Any CPU
		{FE98A441-0AFF-4800-ACD1-7C91146EB508}.Release|Any CPU.ActiveCfg = Release|Any CPU
		{FE98A441-0AFF-4800-ACD1-7C91146EB508}.Release|Any CPU.Build.0 = Release|Any CPU
		{5304FEA1-7507-4E82-A76F-70131082E4B7}.Debug|Any CPU.ActiveCfg = Debug|Any CPU
		{5304FEA1-7507-4E82-A76F-70131082E4B7}.Debug|Any CPU.Build.0 = Debug|Any CPU
		{5304FEA1-7507-4E82-A76F-70131082E4B7}.Release|Any CPU.ActiveCfg = Release|Any CPU
		{5304FEA1-7507-4E82-A76F-70131082E4B7}.Release|Any CPU.Build.0 = Release|Any CPU
	EndGlobalSection
	GlobalSection(SolutionProperties) = preSolution
		HideSolutionNode = FALSE
	EndGlobalSection
EndGlobal
